
Microsoft Visual Studio Solution File, Format Version 12.00
# Visual Studio Version 17
VisualStudioVersion = 17.4.33122.133
MinimumVisualStudioVersion = 10.0.40219.1
Project("{FAE04EC0-301F-11D3-BF4B-00C04F79EFBC}") = "Domain", "Domain\Domain.csproj", "{C49A3B45-590E-4CA0-8668-E0E52A1DA031}"
EndProject
Project("{FAE04EC0-301F-11D3-BF4B-00C04F79EFBC}") = "Application", "Application\Application.csproj", "{4C944BD8-82F5-42F0-B4BD-7F5A33336270}"
EndProject
Project("{FAE04EC0-301F-11D3-BF4B-00C04F79EFBC}") = "Infrastructure", "Infrastructure\Infrastructure.csproj", "{C96CA2EF-A8FA-44DF-9B58-93FEFF91FC15}"
EndProject
Project("{FAE04EC0-301F-11D3-BF4B-00C04F79EFBC}") = "Persistence", "Persistence\Persistence.csproj", "{2801FA41-26C7-4F27-94D6-889FF939CB1B}"
EndProject
Project("{FAE04EC0-301F-11D3-BF4B-00C04F79EFBC}") = "WebAPI", "WebAPI\WebAPI.csproj", "{38FE48F9-3F78-4A84-8F29-959C3665458C}"
EndProject
Global
	GlobalSection(SolutionConfigurationPlatforms) = preSolution
		Debug|Any CPU = Debug|Any CPU
		Release|Any CPU = Release|Any CPU
	EndGlobalSection
	GlobalSection(ProjectConfigurationPlatforms) = postSolution
		{C49A3B45-590E-4CA0-8668-E0E52A1DA031}.Debug|Any CPU.ActiveCfg = Debug|Any CPU
		{C49A3B45-590E-4CA0-8668-E0E52A1DA031}.Debug|Any CPU.Build.0 = Debug|Any CPU
		{C49A3B45-590E-4CA0-8668-E0E52A1DA031}.Release|Any CPU.ActiveCfg = Release|Any CPU
		{C49A3B45-590E-4CA0-8668-E0E52A1DA031}.Release|Any CPU.Build.0 = Release|Any CPU
		{4C944BD8-82F5-42F0-B4BD-7F5A33336270}.Debug|Any CPU.ActiveCfg = Debug|Any CPU
		{4C944BD8-82F5-42F0-B4BD-7F5A33336270}.Debug|Any CPU.Build.0 = Debug|Any CPU
		{4C944BD8-82F5-42F0-B4BD-7F5A33336270}.Release|Any CPU.ActiveCfg = Release|Any CPU
		{4C944BD8-82F5-42F0-B4BD-7F5A33336270}.Release|Any CPU.Build.0 = Release|Any CPU
		{C96CA2EF-A8FA-44DF-9B58-93FEFF91FC15}.Debug|Any CPU.ActiveCfg = Debug|Any CPU
		{C96CA2EF-A8FA-44DF-9B58-93FEFF91FC15}.Debug|Any CPU.Build.0 = Debug|Any CPU
		{C96CA2EF-A8FA-44DF-9B58-93FEFF91FC15}.Release|Any CPU.ActiveCfg = Release|Any CPU
		{C96CA2EF-A8FA-44DF-9B58-93FEFF91FC15}.Release|Any CPU.Build.0 = Release|Any CPU
		{2801FA41-26C7-4F27-94D6-889FF939CB1B}.Debug|Any CPU.ActiveCfg = Debug|Any CPU
		{2801FA41-26C7-4F27-94D6-889FF939CB1B}.Debug|Any CPU.Build.0 = Debug|Any CPU
		{2801FA41-26C7-4F27-94D6-889FF939CB1B}.Release|Any CPU.ActiveCfg = Release|Any CPU
		{2801FA41-26C7-4F27-94D6-889FF939CB1B}.Release|Any CPU.Build.0 = Release|Any CPU
		{38FE48F9-3F78-4A84-8F29-959C3665458C}.Debug|Any CPU.ActiveCfg = Debug|Any CPU
		{38FE48F9-3F78-4A84-8F29-959C3665458C}.Debug|Any CPU.Build.0 = Debug|Any CPU
		{38FE48F9-3F78-4A84-8F29-959C3665458C}.Release|Any CPU.ActiveCfg = Release|Any CPU
		{38FE48F9-3F78-4A84-8F29-959C3665458C}.Release|Any CPU.Build.0 = Release|Any CPU
	EndGlobalSection
	GlobalSection(SolutionProperties) = preSolution
		HideSolutionNode = FALSE
	EndGlobalSection
	GlobalSection(ExtensibilityGlobals) = postSolution
		SolutionGuid = {7F51E7FD-C4A6-4F87-945C-31DC94F487A2}
	EndGlobalSection
EndGlobal
